
Microsoft Visual Studio Solution File, Format Version 12.00
# Visual Studio Version 16
VisualStudioVersion = 16.0.29001.49
MinimumVisualStudioVersion = 10.0.40219.1
Project("{FAE04EC0-301F-11D3-BF4B-00C04F79EFBC}") = "Sammak.SandBox.Ioc", "Sammak.SandBox.Ioc\Sammak.SandBox.Ioc.csproj", "{FB5A706D-9571-45D0-A023-95F943C148C4}"
EndProject
Global
	GlobalSection(SolutionConfigurationPlatforms) = preSolution
		Debug|Any CPU = Debug|Any CPU
		Release|Any CPU = Release|Any CPU
	EndGlobalSection
	GlobalSection(ProjectConfigurationPlatforms) = postSolution
		{FB5A706D-9571-45D0-A023-95F943C148C4}.Debug|Any CPU.ActiveCfg = Debug|Any CPU
		{FB5A706D-9571-45D0-A023-95F943C148C4}.Debug|Any CPU.Build.0 = Debug|Any CPU
		{FB5A706D-9571-45D0-A023-95F943C148C4}.Release|Any CPU.ActiveCfg = Release|Any CPU
		{FB5A706D-9571-45D0-A023-95F943C148C4}.Release|Any CPU.Build.0 = Release|Any CPU
	EndGlobalSection
	GlobalSection(SolutionProperties) = preSolution
		HideSolutionNode = FALSE
	EndGlobalSection
	GlobalSection(ExtensibilityGlobals) = postSolution
		SolutionGuid = {278D468E-0141-45E1-AE9D-23D609DFD60E}
	EndGlobalSection
EndGlobal
